
Microsoft Visual Studio Solution File, Format Version 12.00
# Visual Studio Version 16
VisualStudioVersion = 16.0.28803.352
MinimumVisualStudioVersion = 10.0.40219.1
Project("{FAE04EC0-301F-11D3-BF4B-00C04F79EFBC}") = "Calculadora", "Calculadora\Calculadora.csproj", "{CD0F71A2-672A-4F04-88CE-FD21D1585198}"
EndProject
Project("{FAE04EC0-301F-11D3-BF4B-00C04F79EFBC}") = "Test_Calculadora", "Test_Calculadora\Test_Calculadora.csproj", "{AE70B167-7670-4107-9314-91AA90DBA56D}"
EndProject
Global
	GlobalSection(SolutionConfigurationPlatforms) = preSolution
		Debug|Any CPU = Debug|Any CPU
		Release|Any CPU = Release|Any CPU
	EndGlobalSection
	GlobalSection(ProjectConfigurationPlatforms) = postSolution
		{CD0F71A2-672A-4F04-88CE-FD21D1585198}.Debug|Any CPU.ActiveCfg = Debug|Any CPU
		{CD0F71A2-672A-4F04-88CE-FD21D1585198}.Debug|Any CPU.Build.0 = Debug|Any CPU
		{CD0F71A2-672A-4F04-88CE-FD21D1585198}.Release|Any CPU.ActiveCfg = Release|Any CPU
		{CD0F71A2-672A-4F04-88CE-FD21D1585198}.Release|Any CPU.Build.0 = Release|Any CPU
		{AE70B167-7670-4107-9314-91AA90DBA56D}.Debug|Any CPU.ActiveCfg = Debug|Any CPU
		{AE70B167-7670-4107-9314-91AA90DBA56D}.Debug|Any CPU.Build.0 = Debug|Any CPU
		{AE70B167-7670-4107-9314-91AA90DBA56D}.Release|Any CPU.ActiveCfg = Release|Any CPU
		{AE70B167-7670-4107-9314-91AA90DBA56D}.Release|Any CPU.Build.0 = Release|Any CPU
	EndGlobalSection
	GlobalSection(SolutionProperties) = preSolution
		HideSolutionNode = FALSE
	EndGlobalSection
	GlobalSection(ExtensibilityGlobals) = postSolution
		SolutionGuid = {F15AB496-332E-4433-B5EF-F1A2C2A295BB}
	EndGlobalSection
EndGlobal
